// !$*UTF8*$!
{
	archiveVersion = 1;
	classes = {
	};
	objectVersion = 55;
	objects = {

/* Begin PBXBuildFile section */
		7AF4760B2851707D003F49CF /* AppDelegate.swift in Sources */ = {isa = PBXBuildFile; fileRef = 7AF4760A2851707D003F49CF /* AppDelegate.swift */; };
		7AF4760D2851707D003F49CF /* SceneDelegate.swift in Sources */ = {isa = PBXBuildFile; fileRef = 7AF4760C2851707D003F49CF /* SceneDelegate.swift */; };
		7AF4760F2851707D003F49CF /* ViewController.swift in Sources */ = {isa = PBXBuildFile; fileRef = 7AF4760E2851707D003F49CF /* ViewController.swift */; };
		7AF476122851707D003F49CF /* Main.storyboard in Resources */ = {isa = PBXBuildFile; fileRef = 7AF476102851707D003F49CF /* Main.storyboard */; };
		7AF476142851707E003F49CF /* Assets.xcassets in Resources */ = {isa = PBXBuildFile; fileRef = 7AF476132851707E003F49CF /* Assets.xcassets */; };
		7AF476172851707E003F49CF /* LaunchScreen.storyboard in Resources */ = {isa = PBXBuildFile; fileRef = 7AF476152851707E003F49CF /* LaunchScreen.storyboard */; };
		7AF476202851739C003F49CF /* FirebaseAuth in Frameworks */ = {isa = PBXBuildFile; productRef = 7AF4761F2851739C003F49CF /* FirebaseAuth */; };
		7AF476222851739C003F49CF /* FirebaseFirestore in Frameworks */ = {isa = PBXBuildFile; productRef = 7AF476212851739C003F49CF /* FirebaseFirestore */; };
		7AF476242851739C003F49CF /* FirebaseFirestoreSwift in Frameworks */ = {isa = PBXBuildFile; productRef = 7AF476232851739C003F49CF /* FirebaseFirestoreSwift */; };
		7AF476262851739C003F49CF /* FirebaseFunctions in Frameworks */ = {isa = PBXBuildFile; productRef = 7AF476252851739C003F49CF /* FirebaseFunctions */; };
		7AF476282851739C003F49CF /* FirebaseMessaging in Frameworks */ = {isa = PBXBuildFile; productRef = 7AF476272851739C003F49CF /* FirebaseMessaging */; };
		7AF4762A2851739C003F49CF /* FirebaseStorage in Frameworks */ = {isa = PBXBuildFile; productRef = 7AF476292851739C003F49CF /* FirebaseStorage */; };
		7AF4763D28517E8D003F49CF /* GoogleService-Info.plist in Resources */ = {isa = PBXBuildFile; fileRef = 7AF4763C28517E8D003F49CF /* GoogleService-Info.plist */; };
		7AFFD5182851CE6E00DD8FA8 /* MessageKit in Frameworks */ = {isa = PBXBuildFile; productRef = 7AFFD5172851CE6E00DD8FA8 /* MessageKit */; };
		7AFFD51A2851DD3D00DD8FA8 /* Extensions.swift in Sources */ = {isa = PBXBuildFile; fileRef = 7AFFD5192851DD3D00DD8FA8 /* Extensions.swift */; };
		7AFFD51C2851E03600DD8FA8 /* ChatViewController.swift in Sources */ = {isa = PBXBuildFile; fileRef = 7AFFD51B2851E03600DD8FA8 /* ChatViewController.swift */; };
/* End PBXBuildFile section */

/* Begin PBXFileReference section */
		7AF476072851707D003F49CF /* Ikigai.app */ = {isa = PBXFileReference; explicitFileType = wrapper.application; includeInIndex = 0; path = Ikigai.app; sourceTree = BUILT_PRODUCTS_DIR; };
		7AF4760A2851707D003F49CF /* AppDelegate.swift */ = {isa = PBXFileReference; lastKnownFileType = sourcecode.swift; path = AppDelegate.swift; sourceTree = "<group>"; };
		7AF4760C2851707D003F49CF /* SceneDelegate.swift */ = {isa = PBXFileReference; lastKnownFileType = sourcecode.swift; path = SceneDelegate.swift; sourceTree = "<group>"; };
		7AF4760E2851707D003F49CF /* ViewController.swift */ = {isa = PBXFileReference; lastKnownFileType = sourcecode.swift; path = ViewController.swift; sourceTree = "<group>"; };
		7AF476112851707D003F49CF /* Base */ = {isa = PBXFileReference; lastKnownFileType = file.storyboard; name = Base; path = Base.lproj/Main.storyboard; sourceTree = "<group>"; };
		7AF476132851707E003F49CF /* Assets.xcassets */ = {isa = PBXFileReference; lastKnownFileType = folder.assetcatalog; path = Assets.xcassets; sourceTree = "<group>"; };
		7AF476162851707E003F49CF /* Base */ = {isa = PBXFileReference; lastKnownFileType = file.storyboard; name = Base; path = Base.lproj/LaunchScreen.storyboard; sourceTree = "<group>"; };
		7AF476182851707E003F49CF /* Info.plist */ = {isa = PBXFileReference; lastKnownFileType = text.plist.xml; path = Info.plist; sourceTree = "<group>"; };
		7AF4763C28517E8D003F49CF /* GoogleService-Info.plist */ = {isa = PBXFileReference; fileEncoding = 4; lastKnownFileType = text.plist.xml; path = "GoogleService-Info.plist"; sourceTree = "<group>"; };
		7AFFD5192851DD3D00DD8FA8 /* Extensions.swift */ = {isa = PBXFileReference; fileEncoding = 4; lastKnownFileType = sourcecode.swift; path = Extensions.swift; sourceTree = "<group>"; };
		7AFFD51B2851E03600DD8FA8 /* ChatViewController.swift */ = {isa = PBXFileReference; lastKnownFileType = sourcecode.swift; path = ChatViewController.swift; sourceTree = "<group>"; };
/* End PBXFileReference section */

/* Begin PBXFrameworksBuildPhase section */
		7AF476042851707D003F49CF /* Frameworks */ = {
			isa = PBXFrameworksBuildPhase;
			buildActionMask = 2147483647;
			files = (
				7AF476202851739C003F49CF /* FirebaseAuth in Frameworks */,
				7AF476222851739C003F49CF /* FirebaseFirestore in Frameworks */,
				7AF476282851739C003F49CF /* FirebaseMessaging in Frameworks */,
				7AFFD5182851CE6E00DD8FA8 /* MessageKit in Frameworks */,
				7AF476242851739C003F49CF /* FirebaseFirestoreSwift in Frameworks */,
				7AF476262851739C003F49CF /* FirebaseFunctions in Frameworks */,
				7AF4762A2851739C003F49CF /* FirebaseStorage in Frameworks */,
			);
			runOnlyForDeploymentPostprocessing = 0;
		};
/* End PBXFrameworksBuildPhase section */

/* Begin PBXGroup section */
		7ABB4C35285259620070D185 /* App */ = {
			isa = PBXGroup;
			children = (
				7AF4760A2851707D003F49CF /* AppDelegate.swift */,
				7AF4760C2851707D003F49CF /* SceneDelegate.swift */,
			);
			path = App;
			sourceTree = "<group>";
		};
		7AF475FE2851707D003F49CF = {
			isa = PBXGroup;
			children = (
				7AF476092851707D003F49CF /* Ikigai */,
				7AF476082851707D003F49CF /* Products */,
			);
			sourceTree = "<group>";
		};
		7AF476082851707D003F49CF /* Products */ = {
			isa = PBXGroup;
			children = (
				7AF476072851707D003F49CF /* Ikigai.app */,
			);
			name = Products;
			sourceTree = "<group>";
		};
		7AF476092851707D003F49CF /* Ikigai */ = {
			isa = PBXGroup;
			children = (
				7ABB4C35285259620070D185 /* App */,
				7AF4760E2851707D003F49CF /* ViewController.swift */,
				7AFFD51B2851E03600DD8FA8 /* ChatViewController.swift */,
				7AFFD5192851DD3D00DD8FA8 /* Extensions.swift */,
				7AF476102851707D003F49CF /* Main.storyboard */,
				7AF476132851707E003F49CF /* Assets.xcassets */,
				7AF476152851707E003F49CF /* LaunchScreen.storyboard */,
				7AF4763C28517E8D003F49CF /* GoogleService-Info.plist */,
				7AF476182851707E003F49CF /* Info.plist */,
			);
			path = Ikigai;
			sourceTree = "<group>";
		};
/* End PBXGroup section */

/* Begin PBXNativeTarget section */
		7AF476062851707D003F49CF /* Ikigai */ = {
			isa = PBXNativeTarget;
			buildConfigurationList = 7AF4761B2851707E003F49CF /* Build configuration list for PBXNativeTarget "Ikigai" */;
			buildPhases = (
				7AF476032851707D003F49CF /* Sources */,
				7AF476042851707D003F49CF /* Frameworks */,
				7AF476052851707D003F49CF /* Resources */,
			);
			buildRules = (
			);
			dependencies = (
			);
			name = Ikigai;
			packageProductDependencies = (
				7AF4761F2851739C003F49CF /* FirebaseAuth */,
				7AF476212851739C003F49CF /* FirebaseFirestore */,
				7AF476232851739C003F49CF /* FirebaseFirestoreSwift */,
				7AF476252851739C003F49CF /* FirebaseFunctions */,
				7AF476272851739C003F49CF /* FirebaseMessaging */,
				7AF476292851739C003F49CF /* FirebaseStorage */,
				7AFFD5172851CE6E00DD8FA8 /* MessageKit */,
			);
			productName = Ikigai;
			productReference = 7AF476072851707D003F49CF /* Ikigai.app */;
			productType = "com.apple.product-type.application";
		};
/* End PBXNativeTarget section */

/* Begin PBXProject section */
		7AF475FF2851707D003F49CF /* Project object */ = {
			isa = PBXProject;
			attributes = {
				BuildIndependentTargetsInParallel = 1;
				LastSwiftUpdateCheck = 1400;
				LastUpgradeCheck = 1400;
				TargetAttributes = {
					7AF476062851707D003F49CF = {
						CreatedOnToolsVersion = 14.0;
					};
				};
			};
			buildConfigurationList = 7AF476022851707D003F49CF /* Build configuration list for PBXProject "Ikigai" */;
			compatibilityVersion = "Xcode 13.0";
			developmentRegion = en;
			hasScannedForEncodings = 0;
			knownRegions = (
				en,
				Base,
			);
			mainGroup = 7AF475FE2851707D003F49CF;
			packageReferences = (
				7AF4761E2851739C003F49CF /* XCRemoteSwiftPackageReference "firebase-ios-sdk" */,
				7AFFD5162851CE6E00DD8FA8 /* XCRemoteSwiftPackageReference "MessageKit" */,
			);
			productRefGroup = 7AF476082851707D003F49CF /* Products */;
			projectDirPath = "";
			projectRoot = "";
			targets = (
				7AF476062851707D003F49CF /* Ikigai */,
			);
		};
/* End PBXProject section */

/* Begin PBXResourcesBuildPhase section */
		7AF476052851707D003F49CF /* Resources */ = {
			isa = PBXResourcesBuildPhase;
			buildActionMask = 2147483647;
			files = (
				7AF476172851707E003F49CF /* LaunchScreen.storyboard in Resources */,
				7AF4763D28517E8D003F49CF /* GoogleService-Info.plist in Resources */,
				7AF476142851707E003F49CF /* Assets.xcassets in Resources */,
				7AF476122851707D003F49CF /* Main.storyboard in Resources */,
			);
			runOnlyForDeploymentPostprocessing = 0;
		};
/* End PBXResourcesBuildPhase section */

/* Begin PBXSourcesBuildPhase section */
		7AF476032851707D003F49CF /* Sources */ = {
			isa = PBXSourcesBuildPhase;
			buildActionMask = 2147483647;
			files = (
				7AF4760F2851707D003F49CF /* ViewController.swift in Sources */,
				7AF4760B2851707D003F49CF /* AppDelegate.swift in Sources */,
				7AF4760D2851707D003F49CF /* SceneDelegate.swift in Sources */,
				7AFFD51C2851E03600DD8FA8 /* ChatViewController.swift in Sources */,
				7AFFD51A2851DD3D00DD8FA8 /* Extensions.swift in Sources */,
			);
			runOnlyForDeploymentPostprocessing = 0;
		};
/* End PBXSourcesBuildPhase section */

/* Begin PBXVariantGroup section */
		7AF476102851707D003F49CF /* Main.storyboard */ = {
			isa = PBXVariantGroup;
			children = (
				7AF476112851707D003F49CF /* Base */,
			);
			name = Main.storyboard;
			sourceTree = "<group>";
		};
		7AF476152851707E003F49CF /* LaunchScreen.storyboard */ = {
			isa = PBXVariantGroup;
			children = (
				7AF476162851707E003F49CF /* Base */,
			);
			name = LaunchScreen.storyboard;
			sourceTree = "<group>";
		};
/* End PBXVariantGroup section */

/* Begin XCBuildConfiguration section */
		7AF476192851707E003F49CF /* Debug */ = {
			isa = XCBuildConfiguration;
			buildSettings = {
				ALWAYS_SEARCH_USER_PATHS = NO;
				CLANG_ANALYZER_NONNULL = YES;
				CLANG_ANALYZER_NUMBER_OBJECT_CONVERSION = YES_AGGRESSIVE;
				CLANG_CXX_LANGUAGE_STANDARD = "gnu++17";
				CLANG_ENABLE_MODULES = YES;
				CLANG_ENABLE_OBJC_ARC = YES;
				CLANG_ENABLE_OBJC_WEAK = YES;
				CLANG_WARN_BLOCK_CAPTURE_AUTORELEASING = YES;
				CLANG_WARN_BOOL_CONVERSION = YES;
				CLANG_WARN_COMMA = YES;
				CLANG_WARN_CONSTANT_CONVERSION = YES;
				CLANG_WARN_DEPRECATED_OBJC_IMPLEMENTATIONS = YES;
				CLANG_WARN_DIRECT_OBJC_ISA_USAGE = YES_ERROR;
				CLANG_WARN_DOCUMENTATION_COMMENTS = YES;
				CLANG_WARN_EMPTY_BODY = YES;
				CLANG_WARN_ENUM_CONVERSION = YES;
				CLANG_WARN_INFINITE_RECURSION = YES;
				CLANG_WARN_INT_CONVERSION = YES;
				CLANG_WARN_NON_LITERAL_NULL_CONVERSION = YES;
				CLANG_WARN_OBJC_IMPLICIT_RETAIN_SELF = YES;
				CLANG_WARN_OBJC_LITERAL_CONVERSION = YES;
				CLANG_WARN_OBJC_ROOT_CLASS = YES_ERROR;
				CLANG_WARN_QUOTED_INCLUDE_IN_FRAMEWORK_HEADER = YES;
				CLANG_WARN_RANGE_LOOP_ANALYSIS = YES;
				CLANG_WARN_STRICT_PROTOTYPES = YES;
				CLANG_WARN_SUSPICIOUS_MOVE = YES;
				CLANG_WARN_UNGUARDED_AVAILABILITY = YES_AGGRESSIVE;
				CLANG_WARN_UNREACHABLE_CODE = YES;
				CLANG_WARN__DUPLICATE_METHOD_MATCH = YES;
				COPY_PHASE_STRIP = NO;
				DEBUG_INFORMATION_FORMAT = dwarf;
				ENABLE_STRICT_OBJC_MSGSEND = YES;
				ENABLE_TESTABILITY = YES;
				GCC_C_LANGUAGE_STANDARD = gnu11;
				GCC_DYNAMIC_NO_PIC = NO;
				GCC_NO_COMMON_BLOCKS = YES;
				GCC_OPTIMIZATION_LEVEL = 0;
				GCC_PREPROCESSOR_DEFINITIONS = (
					"DEBUG=1",
					"$(inherited)",
				);
				GCC_WARN_64_TO_32_BIT_CONVERSION = YES;
				GCC_WARN_ABOUT_RETURN_TYPE = YES_ERROR;
				GCC_WARN_UNDECLARED_SELECTOR = YES;
				GCC_WARN_UNINITIALIZED_AUTOS = YES_AGGRESSIVE;
				GCC_WARN_UNUSED_FUNCTION = YES;
				GCC_WARN_UNUSED_VARIABLE = YES;
				IPHONEOS_DEPLOYMENT_TARGET = 15.0;
				MTL_ENABLE_DEBUG_INFO = INCLUDE_SOURCE;
				MTL_FAST_MATH = YES;
				ONLY_ACTIVE_ARCH = YES;
				SDKROOT = iphoneos;
				SWIFT_ACTIVE_COMPILATION_CONDITIONS = DEBUG;
				SWIFT_OPTIMIZATION_LEVEL = "-Onone";
			};
			name = Debug;
		};
		7AF4761A2851707E003F49CF /* Release */ = {
			isa = XCBuildConfiguration;
			buildSettings = {
				ALWAYS_SEARCH_USER_PATHS = NO;
				CLANG_ANALYZER_NONNULL = YES;
				CLANG_ANALYZER_NUMBER_OBJECT_CONVERSION = YES_AGGRESSIVE;
				CLANG_CXX_LANGUAGE_STANDARD = "gnu++17";
				CLANG_ENABLE_MODULES = YES;
				CLANG_ENABLE_OBJC_ARC = YES;
				CLANG_ENABLE_OBJC_WEAK = YES;
				CLANG_WARN_BLOCK_CAPTURE_AUTORELEASING = YES;
				CLANG_WARN_BOOL_CONVERSION = YES;
				CLANG_WARN_COMMA = YES;
				CLANG_WARN_CONSTANT_CONVERSION = YES;
				CLANG_WARN_DEPRECATED_OBJC_IMPLEMENTATIONS = YES;
				CLANG_WARN_DIRECT_OBJC_ISA_USAGE = YES_ERROR;
				CLANG_WARN_DOCUMENTATION_COMMENTS = YES;
				CLANG_WARN_EMPTY_BODY = YES;
				CLANG_WARN_ENUM_CONVERSION = YES;
				CLANG_WARN_INFINITE_RECURSION = YES;
				CLANG_WARN_INT_CONVERSION = YES;
				CLANG_WARN_NON_LITERAL_NULL_CONVERSION = YES;
				CLANG_WARN_OBJC_IMPLICIT_RETAIN_SELF = YES;
				CLANG_WARN_OBJC_LITERAL_CONVERSION = YES;
				CLANG_WARN_OBJC_ROOT_CLASS = YES_ERROR;
				CLANG_WARN_QUOTED_INCLUDE_IN_FRAMEWORK_HEADER = YES;
				CLANG_WARN_RANGE_LOOP_ANALYSIS = YES;
				CLANG_WARN_STRICT_PROTOTYPES = YES;
				CLANG_WARN_SUSPICIOUS_MOVE = YES;
				CLANG_WARN_UNGUARDED_AVAILABILITY = YES_AGGRESSIVE;
				CLANG_WARN_UNREACHABLE_CODE = YES;
				CLANG_WARN__DUPLICATE_METHOD_MATCH = YES;
				COPY_PHASE_STRIP = NO;
				DEBUG_INFORMATION_FORMAT = "dwarf-with-dsym";
				ENABLE_NS_ASSERTIONS = NO;
				ENABLE_STRICT_OBJC_MSGSEND = YES;
				GCC_C_LANGUAGE_STANDARD = gnu11;
				GCC_NO_COMMON_BLOCKS = YES;
				GCC_WARN_64_TO_32_BIT_CONVERSION = YES;
				GCC_WARN_ABOUT_RETURN_TYPE = YES_ERROR;
				GCC_WARN_UNDECLARED_SELECTOR = YES;
				GCC_WARN_UNINITIALIZED_AUTOS = YES_AGGRESSIVE;
				GCC_WARN_UNUSED_FUNCTION = YES;
				GCC_WARN_UNUSED_VARIABLE = YES;
				IPHONEOS_DEPLOYMENT_TARGET = 15.0;
				MTL_ENABLE_DEBUG_INFO = NO;
				MTL_FAST_MATH = YES;
				SDKROOT = iphoneos;
				SWIFT_COMPILATION_MODE = wholemodule;
				SWIFT_OPTIMIZATION_LEVEL = "-O";
				VALIDATE_PRODUCT = YES;
			};
			name = Release;
		};
		7AF4761C2851707E003F49CF /* Debug */ = {
			isa = XCBuildConfiguration;
			buildSettings = {
				ASSETCATALOG_COMPILER_APPICON_NAME = AppIcon;
				ASSETCATALOG_COMPILER_GLOBAL_ACCENT_COLOR_NAME = AccentColor;
				CODE_SIGN_STYLE = Automatic;
				CURRENT_PROJECT_VERSION = 1;
				DEVELOPMENT_TEAM = 723HTEFHBA;
				GENERATE_INFOPLIST_FILE = YES;
				INFOPLIST_FILE = Ikigai/Info.plist;
				INFOPLIST_KEY_LSApplicationCategoryType = "public.app-category.social-networking";
				INFOPLIST_KEY_UIApplicationSupportsIndirectInputEvents = YES;
				INFOPLIST_KEY_UILaunchStoryboardName = LaunchScreen;
				INFOPLIST_KEY_UIMainStoryboardFile = Main;
				INFOPLIST_KEY_UISupportedInterfaceOrientations_iPad = "UIInterfaceOrientationPortrait UIInterfaceOrientationPortraitUpsideDown UIInterfaceOrientationLandscapeLeft UIInterfaceOrientationLandscapeRight";
				INFOPLIST_KEY_UISupportedInterfaceOrientations_iPhone = "UIInterfaceOrientationPortrait UIInterfaceOrientationLandscapeLeft UIInterfaceOrientationLandscapeRight";
				IPHONEOS_DEPLOYMENT_TARGET = 13.0;
				LD_RUNPATH_SEARCH_PATHS = (
					"$(inherited)",
					"@executable_path/Frameworks",
				);
				MARKETING_VERSION = 0.1.1;
				PRODUCT_BUNDLE_IDENTIFIER = ru.fibeapp.Ikigai;
				PRODUCT_NAME = "$(TARGET_NAME)";
				SWIFT_EMIT_LOC_STRINGS = YES;
				SWIFT_VERSION = 5.0;
				TARGETED_DEVICE_FAMILY = "1,2";
			};
			name = Debug;
		};
		7AF4761D2851707E003F49CF /* Release */ = {
			isa = XCBuildConfiguration;
			buildSettings = {
				ASSETCATALOG_COMPILER_APPICON_NAME = AppIcon;
				ASSETCATALOG_COMPILER_GLOBAL_ACCENT_COLOR_NAME = AccentColor;
				CODE_SIGN_STYLE = Automatic;
				CURRENT_PROJECT_VERSION = 1;
				DEVELOPMENT_TEAM = 723HTEFHBA;
				GENERATE_INFOPLIST_FILE = YES;
				INFOPLIST_FILE = Ikigai/Info.plist;
				INFOPLIST_KEY_LSApplicationCategoryType = "public.app-category.social-networking";
				INFOPLIST_KEY_UIApplicationSupportsIndirectInputEvents = YES;
				INFOPLIST_KEY_UILaunchStoryboardName = LaunchScreen;
				INFOPLIST_KEY_UIMainStoryboardFile = Main;
				INFOPLIST_KEY_UISupportedInterfaceOrientations_iPad = "UIInterfaceOrientationPortrait UIInterfaceOrientationPortraitUpsideDown UIInterfaceOrientationLandscapeLeft UIInterfaceOrientationLandscapeRight";
				INFOPLIST_KEY_UISupportedInterfaceOrientations_iPhone = "UIInterfaceOrientationPortrait UIInterfaceOrientationLandscapeLeft UIInterfaceOrientationLandscapeRight";
				IPHONEOS_DEPLOYMENT_TARGET = 13.0;
				LD_RUNPATH_SEARCH_PATHS = (
					"$(inherited)",
					"@executable_path/Frameworks",
				);
				MARKETING_VERSION = 0.1.1;
				PRODUCT_BUNDLE_IDENTIFIER = ru.fibeapp.Ikigai;
				PRODUCT_NAME = "$(TARGET_NAME)";
				SWIFT_EMIT_LOC_STRINGS = YES;
				SWIFT_VERSION = 5.0;
				TARGETED_DEVICE_FAMILY = "1,2";
			};
			name = Release;
		};
/* End XCBuildConfiguration section */

/* Begin XCConfigurationList section */
		7AF476022851707D003F49CF /* Build configuration list for PBXProject "Ikigai" */ = {
			isa = XCConfigurationList;
			buildConfigurations = (
				7AF476192851707E003F49CF /* Debug */,
				7AF4761A2851707E003F49CF /* Release */,
			);
			defaultConfigurationIsVisible = 0;
			defaultConfigurationName = Release;
		};
		7AF4761B2851707E003F49CF /* Build configuration list for PBXNativeTarget "Ikigai" */ = {
			isa = XCConfigurationList;
			buildConfigurations = (
				7AF4761C2851707E003F49CF /* Debug */,
				7AF4761D2851707E003F49CF /* Release */,
			);
			defaultConfigurationIsVisible = 0;
			defaultConfigurationName = Release;
		};
/* End XCConfigurationList section */

/* Begin XCRemoteSwiftPackageReference section */
		7AF4761E2851739C003F49CF /* XCRemoteSwiftPackageReference "firebase-ios-sdk" */ = {
			isa = XCRemoteSwiftPackageReference;
			repositoryURL = "https://github.com/firebase/firebase-ios-sdk.git";
			requirement = {
				kind = upToNextMinorVersion;
				minimumVersion = 9.1.0;
			};
		};
		7AFFD5162851CE6E00DD8FA8 /* XCRemoteSwiftPackageReference "MessageKit" */ = {
			isa = XCRemoteSwiftPackageReference;
			repositoryURL = "https://github.com/MessageKit/MessageKit.git";
			requirement = {
				kind = upToNextMinorVersion;
				minimumVersion = 3.8.0;
			};
		};
/* End XCRemoteSwiftPackageReference section */

/* Begin XCSwiftPackageProductDependency section */
		7AF4761F2851739C003F49CF /* FirebaseAuth */ = {
			isa = XCSwiftPackageProductDependency;
			package = 7AF4761E2851739C003F49CF /* XCRemoteSwiftPackageReference "firebase-ios-sdk" */;
			productName = FirebaseAuth;
		};
		7AF476212851739C003F49CF /* FirebaseFirestore */ = {
			isa = XCSwiftPackageProductDependency;
			package = 7AF4761E2851739C003F49CF /* XCRemoteSwiftPackageReference "firebase-ios-sdk" */;
			productName = FirebaseFirestore;
		};
		7AF476232851739C003F49CF /* FirebaseFirestoreSwift */ = {
			isa = XCSwiftPackageProductDependency;
			package = 7AF4761E2851739C003F49CF /* XCRemoteSwiftPackageReference "firebase-ios-sdk" */;
			productName = FirebaseFirestoreSwift;
		};
		7AF476252851739C003F49CF /* FirebaseFunctions */ = {
			isa = XCSwiftPackageProductDependency;
			package = 7AF4761E2851739C003F49CF /* XCRemoteSwiftPackageReference "firebase-ios-sdk" */;
			productName = FirebaseFunctions;
		};
		7AF476272851739C003F49CF /* FirebaseMessaging */ = {
			isa = XCSwiftPackageProductDependency;
			package = 7AF4761E2851739C003F49CF /* XCRemoteSwiftPackageReference "firebase-ios-sdk" */;
			productName = FirebaseMessaging;
		};
		7AF476292851739C003F49CF /* FirebaseStorage */ = {
			isa = XCSwiftPackageProductDependency;
			package = 7AF4761E2851739C003F49CF /* XCRemoteSwiftPackageReference "firebase-ios-sdk" */;
			productName = FirebaseStorage;
		};
		7AFFD5172851CE6E00DD8FA8 /* MessageKit */ = {
			isa = XCSwiftPackageProductDependency;
			package = 7AFFD5162851CE6E00DD8FA8 /* XCRemoteSwiftPackageReference "MessageKit" */;
			productName = MessageKit;
		};
/* End XCSwiftPackageProductDependency section */
	};
	rootObject = 7AF475FF2851707D003F49CF /* Project object */;
}
